{
  "name": "co.acoustic.mobile.push.plugin.inapp",
  "version": "3.8.7",
  "lockfileVersion": 2,
  "requires": true,
  "packages": {
    "": {
      "name": "co.acoustic.mobile.push.plugin.inapp",
      "version": "3.8.7",
      "license": "Apache 2.0 License",
      "devDependencies": {
        "@types/cordova": "^0.0.34",
        "@types/jquery": "^3.5.6",
        "typescript": "^4.4.3"
      },
      "engines": {
        "cordova": ">=3.0"
      },
      "peerDependencies": {
        "co.acoustic.mobile.push.sdk": "file:../co.acoustic.mobile.push.sdk",
        "jquery": "^3.6.0"
      }
    },
    "../co.acoustic.mobile.push.sdk": {
      "version": "3.8.7",
      "license": "Apache 2.0 License",
      "peer": true,
      "devDependencies": {
        "@types/cordova": "^0.0.34",
        "@types/jquery": "^3.5.6",
        "typescript": "^4.4.3"
      },
      "engines": {
        "cordova": ">=3.0"
      },
      "peerDependencies": {
        "jquery": "^3.6.0"
      }
    },
    "node_modules/@types/cordova": {
      "version": "0.0.34",
      "resolved": "https://registry.npmjs.org/@types/cordova/-/cordova-0.0.34.tgz",
      "integrity": "sha1-6nrd907Ow9dimCegw54smt3HPQQ=",
      "dev": true
    },
    "node_modules/@types/jquery": {
      "version": "3.5.6",
      "resolved": "https://registry.npmjs.org/@types/jquery/-/jquery-3.5.6.tgz",
      "integrity": "sha512-SmgCQRzGPId4MZQKDj9Hqc6kSXFNWZFHpELkyK8AQhf8Zr6HKfCzFv9ZC1Fv3FyQttJZOlap3qYb12h61iZAIg==",
      "dev": true,
      "dependencies": {
        "@types/sizzle": "*"
      }
    },
    "node_modules/@types/sizzle": {
      "version": "2.3.3",
      "resolved": "https://registry.npmjs.org/@types/sizzle/-/sizzle-2.3.3.tgz",
      "integrity": "sha512-JYM8x9EGF163bEyhdJBpR2QX1R5naCJHC8ucJylJ3w9/CVBaskdQ8WqBf8MmQrd1kRvp/a4TS8HJ+bxzR7ZJYQ==",
      "dev": true
    },
    "node_modules/co.acoustic.mobile.push.sdk": {
      "resolved": "../co.acoustic.mobile.push.sdk",
      "link": true
    },
    "node_modules/jquery": {
      "version": "3.6.0",
      "resolved": "https://registry.npmjs.org/jquery/-/jquery-3.6.0.tgz",
      "integrity": "sha512-JVzAR/AjBvVt2BmYhxRCSYysDsPcssdmTFnzyLEts9qNwmjmu4JTAMYubEfwVOSwpQ1I1sKKFcxhZCI2buerfw==",
      "peer": true
    },
    "node_modules/typescript": {
      "version": "4.4.3",
      "resolved": "https://registry.npmjs.org/typescript/-/typescript-4.4.3.tgz",
      "integrity": "sha512-4xfscpisVgqqDfPaJo5vkd+Qd/ItkoagnHpufr+i2QCHBsNYp+G7UAoyFl8aPtx879u38wPV65rZ8qbGZijalA==",
      "dev": true,
      "bin": {
        "tsc": "bin/tsc",
        "tsserver": "bin/tsserver"
      },
      "engines": {
        "node": ">=4.2.0"
      }
    }
  },
  "dependencies": {
    "@types/cordova": {
      "version": "0.0.34",
      "resolved": "https://registry.npmjs.org/@types/cordova/-/cordova-0.0.34.tgz",
      "integrity": "sha1-6nrd907Ow9dimCegw54smt3HPQQ=",
      "dev": true
    },
    "@types/jquery": {
      "version": "3.5.6",
      "resolved": "https://registry.npmjs.org/@types/jquery/-/jquery-3.5.6.tgz",
      "integrity": "sha512-SmgCQRzGPId4MZQKDj9Hqc6kSXFNWZFHpELkyK8AQhf8Zr6HKfCzFv9ZC1Fv3FyQttJZOlap3qYb12h61iZAIg==",
      "dev": true,
      "requires": {
        "@types/sizzle": "*"
      }
    },
    "@types/sizzle": {
      "version": "2.3.3",
      "resolved": "https://registry.npmjs.org/@types/sizzle/-/sizzle-2.3.3.tgz",
      "integrity": "sha512-JYM8x9EGF163bEyhdJBpR2QX1R5naCJHC8ucJylJ3w9/CVBaskdQ8WqBf8MmQrd1kRvp/a4TS8HJ+bxzR7ZJYQ==",
      "dev": true
    },
    "co.acoustic.mobile.push.sdk": {
      "version": "file:../co.acoustic.mobile.push.sdk",
      "requires": {
        "@types/cordova": "^0.0.34",
        "@types/jquery": "^3.5.6",
        "typescript": "^4.4.3"
      }
    },
    "jquery": {
      "version": "3.6.0",
      "resolved": "https://registry.npmjs.org/jquery/-/jquery-3.6.0.tgz",
      "integrity": "sha512-JVzAR/AjBvVt2BmYhxRCSYysDsPcssdmTFnzyLEts9qNwmjmu4JTAMYubEfwVOSwpQ1I1sKKFcxhZCI2buerfw==",
      "peer": true
    },
    "typescript": {
      "version": "4.4.3",
      "resolved": "https://registry.npmjs.org/typescript/-/typescript-4.4.3.tgz",
      "integrity": "sha512-4xfscpisVgqqDfPaJo5vkd+Qd/ItkoagnHpufr+i2QCHBsNYp+G7UAoyFl8aPtx879u38wPV65rZ8qbGZijalA==",
      "dev": true
    }
  }
}
